github.com/artyom/autoflags v1.1.1 h1:8flRmpb7xpjLHFVcM+HN+cEEKLw+H5a2hABDbRvfG9A=
github.com/artyom/autoflags v1.1.1/go.mod h1:Th9KgAVvFcYp7t8b//Pu21xHjExLpzr4SXCbwVbHL7Y=
golang.org/x/crypto v0.0.0-20190308221718-c2843e01d9a2/go.mod h1:djNgcEr1/C05ACkg1iLfiJU5Ep61QUkGW8qpdssI0+w=
golang.org/x/net v0.0.0-20190327091125-710a502c58a2 h1:17UhVDrPb40BH5k6cyeb2V/7QlBNdo/a0+r0dtK+Utw=
golang.org/x/net v0.0.0-20190327091125-710a502c58a2/go.mod h1:t9HGtf8HONx5eT2rtn7q6eTqICYqUVnKs3thJo3Qplg=
golang.org/x/sync v0.0.0-20190227155943-e225da77a7e6 h1:bjcUS9ztw9kFmmIxJInhon/0Is3p+EHBKNgquIzo1OI=
golang.org/x/sync v0.0.0-20190227155943-e225da77a7e6/go.mod h1:RxMgew5VJxzue5/jJTE5uejpjVlOe/izrB70Jof72aM=
golang.org/x/sys v0.0.0-20190215142949-d0b11bdaac8a/go.mod h1:STP8DvDyc/dI5b8T5hshtkjS+E42TnysNCUPdjciGhY=
golang.org/x/text v0.3.0/go.mod h1:NqM8EUOU14njkJ3fqMW+pc6Ldnwhi/IjpwHt7yyuwOQ=
golang.org/x/xerrors v0.0.0-20190315151331-d61658bd2e18 h1:1AGvnywFL1aB5KLRxyLseWJI6aSYPo3oF7HSpXdWQdU=
golang.org/x/xerrors v0.0.0-20190315151331-d61658bd2e18/go.mod h1:I/5z698sn9Ka8TeJc9MKroUUfqBBauWjQqLJ2OPfmY0=
